dependencies:
- name: spicedb-operator
  repository: file://../spicedb-operator
  version: 0.1.0
- name: postgresql
  repository: oci://registry-1.docker.io/bitnamicharts
  version: 16.4.16
- name: gateway-helm
  repository: oci://docker.io/envoyproxy
  version: v1.7.1
- name: redis
  repository: oci://registry-1.docker.io/bitnamicharts
  version: 20.11.2
- name: vllm-stack
  repository: https://vllm-project.github.io/production-stack
  version: 0.1.11
digest: sha256:773f39357be58c0ed738ac9b42d95267ec9aeb6b12b2ac59667619005616eb7d
generated: "2026-07-13T12:42:44.617964+05:30"
