dependencies:
- name: postgresql
  repository: oci://registry-1.docker.io/bitnamicharts
  version: 16.4.16
- name: redis
  repository: oci://registry-1.docker.io/bitnamicharts
  version: 20.11.2
- name: minio
  repository: oci://registry-1.docker.io/bitnamicharts
  version: 15.0.7
digest: sha256:ce42b49e555fb89d365b44de289a2020c6cc8696eaa2aab6f5317b9ee8558ec2
generated: "2025-03-27T14:35:28.229585+05:30"
