dependencies:
- name: postgresql
  repository: https://charts.bitnami.com/bitnami
  version: 15.5.36
- name: redis
  repository: https://charts.bitnami.com/bitnami
  version: 20.1.5
- name: nginx
  repository: https://charts.bitnami.com/bitnami
  version: 18.2.3
- name: cert-manager
  repository: https://charts.jetstack.io
  version: v1.16.1
digest: sha256:9d631d3b9ca31d77e962ede816e65a1b83ffab995df23309bcbfd5e82df24f8d
generated: "2024-10-17T15:26:54.377021+03:00"
