{
  "SurveyEntry": {
    "SurveyID": "SV_fixture000000000",
    "SurveyName": "Embedded data",
    "SurveyDescription": null,
    "SurveyOwnerID": "UR_fixture",
    "SurveyBrandID": "fixture",
    "DivisionID": null,
    "SurveyLanguage": "EN",
    "SurveyActiveResponseSet": "RS_fixture",
    "SurveyStatus": "Active",
    "SurveyStartDate": "0000-00-00 00:00:00",
    "SurveyExpirationDate": "0000-00-00 00:00:00",
    "SurveyCreationDate": "2026-09-01 10:00:00",
    "CreatorID": "UR_fixture",
    "LastModified": "2026-09-08 10:00:00",
    "LastAccessed": "0000-00-00 00:00:00",
    "LastActivated": "2026-09-01 10:00:00",
    "Deleted": null
  },
  "SurveyElements": [
    {
      "SurveyID": "SV_fixture000000000",
      "Element": "SQ",
      "PrimaryAttribute": "QID1",
      "SecondaryAttribute": "Hello ${e://Field/firstName}, how was your visit to ${e://Fi",
      "TertiaryAttribute": null,
      "Payload": {
        "QuestionText": "Hello ${e://Field/firstName}, how was your visit to ${e://Field/Store-Name}?",
        "DataExportTag": "Q1",
        "QuestionType": "TE",
        "Selector": "ML",
        "Configuration": {
          "QuestionDescriptionOption": "UseText"
        },
        "QuestionDescription": "Hello ${e://Field/firstName}, how was your visit to ${e://Fi",
        "Validation": {
          "Settings": {
            "ForceResponse": "OFF",
            "ForceResponseType": "OFF",
            "Type": "None"
          }
        },
        "QuestionID": "QID1",
        "DataVisibility": {
          "Private": false,
          "Hidden": false
        },
        "NextChoiceId": 1,
        "NextAnswerId": 1
      }
    },
    {
      "SurveyID": "SV_fixture000000000",
      "Element": "SQ",
      "PrimaryAttribute": "QID2",
      "SecondaryAttribute": "You said: ${q://QID1/ChoiceTextEntryValue}. Anything to add?",
      "TertiaryAttribute": null,
      "Payload": {
        "QuestionText": "You said: ${q://QID1/ChoiceTextEntryValue}. Anything to add? ${loc://something}",
        "DataExportTag": "Q2",
        "QuestionType": "TE",
        "Selector": "SL",
        "Configuration": {
          "QuestionDescriptionOption": "UseText"
        },
        "QuestionDescription": "You said: ${q://QID1/ChoiceTextEntryValue}. Anything to add?",
        "Validation": {
          "Settings": {
            "ForceResponse": "OFF",
            "ForceResponseType": "OFF",
            "Type": "None"
          }
        },
        "QuestionID": "QID2",
        "DataVisibility": {
          "Private": false,
          "Hidden": false
        },
        "NextChoiceId": 1,
        "NextAnswerId": 1
      }
    },
    {
      "SurveyID": "SV_fixture000000000",
      "Element": "BL",
      "PrimaryAttribute": "Survey Blocks",
      "SecondaryAttribute": null,
      "TertiaryAttribute": null,
      "Payload": [
        {
          "Type": "Default",
          "Description": "Default Question Block",
          "ID": "BL_1",
          "BlockElements": [
            {
              "Type": "Question",
              "QuestionID": "QID1"
            },
            {
              "Type": "Question",
              "QuestionID": "QID2"
            }
          ]
        }
      ]
    },
    {
      "SurveyID": "SV_fixture000000000",
      "Element": "FL",
      "PrimaryAttribute": "Survey Flow",
      "SecondaryAttribute": null,
      "TertiaryAttribute": null,
      "Payload": {
        "Type": "Root",
        "FlowID": "FL_root",
        "Flow": [
          {
            "Type": "EmbeddedData",
            "FlowID": "FL_1",
            "EmbeddedData": [
              {
                "Description": "firstName",
                "Type": "Custom",
                "Field": "firstName",
                "VariableType": "String",
                "DataVisibility": [],
                "AnalyzeText": false
              },
              {
                "Description": "Store-Name",
                "Type": "Custom",
                "Field": "Store-Name",
                "VariableType": "String",
                "DataVisibility": [],
                "AnalyzeText": false
              },
              {
                "Description": "userId",
                "Type": "Custom",
                "Field": "userId",
                "VariableType": "String",
                "DataVisibility": [],
                "AnalyzeText": false
              },
              {
                "Description": "plan tier",
                "Type": "Custom",
                "Field": "plan tier",
                "VariableType": "String",
                "DataVisibility": [],
                "AnalyzeText": false
              }
            ]
          },
          {
            "Type": "Block",
            "ID": "BL_1",
            "FlowID": "FL_2"
          },
          {
            "Type": "EndSurvey",
            "FlowID": "FL_3"
          }
        ],
        "Properties": {
          "Count": 3
        }
      }
    },
    {
      "SurveyID": "SV_fixture000000000",
      "Element": "SO",
      "PrimaryAttribute": "Survey Options",
      "SecondaryAttribute": null,
      "TertiaryAttribute": null,
      "Payload": {
        "BackButton": "false",
        "SaveAndContinue": "true",
        "SurveyProtection": "PublicSurvey",
        "ProgressBarDisplay": "None",
        "PartialData": "+1 week",
        "EOSMessage": "",
        "EOSRedirectURL": "",
        "NextButton": "→",
        "PreviousButton": "←",
        "ShowExportTags": "false"
      }
    },
    {
      "SurveyID": "SV_fixture000000000",
      "Element": "QC",
      "PrimaryAttribute": "Survey Question Count",
      "SecondaryAttribute": "2",
      "TertiaryAttribute": null,
      "Payload": null
    },
    {
      "SurveyID": "SV_fixture000000000",
      "Element": "STAT",
      "PrimaryAttribute": "Survey Statistics",
      "SecondaryAttribute": null,
      "TertiaryAttribute": null,
      "Payload": {
        "MobileCompatible": true,
        "ID": "Survey Statistics"
      }
    },
    {
      "SurveyID": "SV_fixture000000000",
      "Element": "RS",
      "PrimaryAttribute": "RS_fixture",
      "SecondaryAttribute": "Default Response Set",
      "TertiaryAttribute": null,
      "Payload": null
    },
    {
      "SurveyID": "SV_fixture000000000",
      "Element": "SCO",
      "PrimaryAttribute": "Scoring",
      "SecondaryAttribute": null,
      "TertiaryAttribute": null,
      "Payload": {
        "ScoringCategories": [],
        "ScoringCategoryGroups": [],
        "ScoringSummaryCategory": null,
        "ScoringSummaryAfterQuestions": 0,
        "ScoringSummaryAfterSurvey": 0,
        "DefaultScoringCategory": null,
        "AutoScoringCategory": null
      }
    },
    {
      "SurveyID": "SV_fixture000000000",
      "Element": "PROJ",
      "PrimaryAttribute": "CORE",
      "SecondaryAttribute": null,
      "TertiaryAttribute": "1.1.0",
      "Payload": {
        "ProjectCategory": "CORE",
        "SchemaVersion": "1.1.0"
      }
    }
  ]
}
