{
  "SurveyEntry": {
    "SurveyID": "SV_fixture000000000",
    "SurveyName": "Advanced types",
    "SurveyDescription": null,
    "SurveyOwnerID": "UR_fixture",
    "SurveyBrandID": "fixture",
    "DivisionID": null,
    "SurveyLanguage": "EN",
    "SurveyActiveResponseSet": "RS_fixture",
    "SurveyStatus": "Active",
    "SurveyStartDate": "0000-00-00 00:00:00",
    "SurveyExpirationDate": "0000-00-00 00:00:00",
    "SurveyCreationDate": "2026-09-01 10:00:00",
    "CreatorID": "UR_fixture",
    "LastModified": "2026-09-08 10:00:00",
    "LastAccessed": "0000-00-00 00:00:00",
    "LastActivated": "2026-09-01 10:00:00",
    "Deleted": null
  },
  "SurveyElements": [
    {
      "SurveyID": "SV_fixture000000000",
      "Element": "SQ",
      "PrimaryAttribute": "QID1",
      "SecondaryAttribute": "Rate our service",
      "TertiaryAttribute": null,
      "Payload": {
        "QuestionText": "Rate our service",
        "DataExportTag": "Q1",
        "QuestionType": "Matrix",
        "Selector": "Likert",
        "SubSelector": "SingleAnswer",
        "Configuration": {
          "QuestionDescriptionOption": "UseText"
        },
        "QuestionDescription": "Rate our service",
        "Choices": {
          "1": {
            "Display": "Speed"
          },
          "2": {
            "Display": "Friendliness"
          }
        },
        "ChoiceOrder": [
          "1",
          "2"
        ],
        "Answers": {
          "1": {
            "Display": "Poor"
          },
          "2": {
            "Display": "OK"
          },
          "3": {
            "Display": "Great"
          }
        },
        "AnswerOrder": [
          "1",
          "2",
          "3"
        ],
        "Validation": {
          "Settings": {
            "ForceResponse": "ON",
            "ForceResponseType": "ON",
            "Type": "None"
          }
        },
        "QuestionID": "QID1",
        "DataVisibility": {
          "Private": false,
          "Hidden": false
        },
        "NextChoiceId": 3,
        "NextAnswerId": 4
      }
    },
    {
      "SurveyID": "SV_fixture000000000",
      "Element": "SQ",
      "PrimaryAttribute": "QID2",
      "SecondaryAttribute": "Pick all that apply per row",
      "TertiaryAttribute": null,
      "Payload": {
        "QuestionText": "Pick all that apply per row",
        "DataExportTag": "Q2",
        "QuestionType": "Matrix",
        "Selector": "Likert",
        "SubSelector": "MultipleAnswer",
        "Configuration": {
          "QuestionDescriptionOption": "UseText"
        },
        "QuestionDescription": "Pick all that apply per row",
        "Choices": {
          "1": {
            "Display": "Row"
          }
        },
        "ChoiceOrder": [
          "1"
        ],
        "Answers": {
          "1": {
            "Display": "A"
          },
          "2": {
            "Display": "B"
          }
        },
        "AnswerOrder": [
          "1",
          "2"
        ],
        "Validation": {
          "Settings": {
            "ForceResponse": "OFF",
            "ForceResponseType": "OFF",
            "Type": "None"
          }
        },
        "QuestionID": "QID2",
        "DataVisibility": {
          "Private": false,
          "Hidden": false
        },
        "NextChoiceId": 2,
        "NextAnswerId": 3
      }
    },
    {
      "SurveyID": "SV_fixture000000000",
      "Element": "SQ",
      "PrimaryAttribute": "QID3",
      "SecondaryAttribute": "How much do you agree?",
      "TertiaryAttribute": null,
      "Payload": {
        "QuestionText": "How much do you agree?",
        "DataExportTag": "Q3",
        "QuestionType": "Slider",
        "Selector": "HSLIDER",
        "Configuration": {
          "QuestionDescriptionOption": "UseText",
          "CSSliderMin": 0,
          "CSSliderMax": 10,
          "GridLines": 10,
          "NumDecimals": "0"
        },
        "QuestionDescription": "How much do you agree?",
        "Choices": {
          "1": {
            "Display": "The product is fast"
          },
          "2": {
            "Display": "The product is stable"
          }
        },
        "ChoiceOrder": [
          "1",
          "2"
        ],
        "Validation": {
          "Settings": {
            "ForceResponse": "OFF",
            "ForceResponseType": "OFF",
            "Type": "None"
          }
        },
        "QuestionID": "QID3",
        "DataVisibility": {
          "Private": false,
          "Hidden": false
        },
        "NextChoiceId": 3,
        "NextAnswerId": 1
      }
    },
    {
      "SurveyID": "SV_fixture000000000",
      "Element": "SQ",
      "PrimaryAttribute": "QID4",
      "SecondaryAttribute": "Star rating",
      "TertiaryAttribute": null,
      "Payload": {
        "QuestionText": "Star rating",
        "DataExportTag": "Q4",
        "QuestionType": "Slider",
        "Selector": "STAR",
        "Configuration": {
          "QuestionDescriptionOption": "UseText",
          "CSSliderMin": 0,
          "CSSliderMax": 5,
          "NumStars": 5
        },
        "QuestionDescription": "Star rating",
        "Choices": {
          "1": {
            "Display": "Overall"
          }
        },
        "ChoiceOrder": [
          "1"
        ],
        "Validation": {
          "Settings": {
            "ForceResponse": "OFF",
            "ForceResponseType": "OFF",
            "Type": "None"
          }
        },
        "QuestionID": "QID4",
        "DataVisibility": {
          "Private": false,
          "Hidden": false
        },
        "NextChoiceId": 2,
        "NextAnswerId": 1
      }
    },
    {
      "SurveyID": "SV_fixture000000000",
      "Element": "SQ",
      "PrimaryAttribute": "QID5",
      "SecondaryAttribute": "Rank these priorities",
      "TertiaryAttribute": null,
      "Payload": {
        "QuestionText": "Rank these priorities",
        "DataExportTag": "Q5",
        "QuestionType": "RO",
        "Selector": "DND",
        "Configuration": {
          "QuestionDescriptionOption": "UseText"
        },
        "QuestionDescription": "Rank these priorities",
        "Choices": {
          "1": {
            "Display": "Speed"
          },
          "2": {
            "Display": "Price"
          },
          "3": {
            "Display": "Support"
          },
          "4": {
            "Display": "Design"
          }
        },
        "ChoiceOrder": [
          "1",
          "2",
          "3",
          "4"
        ],
        "Validation": {
          "Settings": {
            "ForceResponse": "OFF",
            "ForceResponseType": "OFF",
            "Type": "None"
          }
        },
        "QuestionID": "QID5",
        "DataVisibility": {
          "Private": false,
          "Hidden": false
        },
        "NextChoiceId": 5,
        "NextAnswerId": 1
      }
    },
    {
      "SurveyID": "SV_fixture000000000",
      "Element": "SQ",
      "PrimaryAttribute": "QID6",
      "SecondaryAttribute": "Welcome to the advanced section.Item",
      "TertiaryAttribute": null,
      "Payload": {
        "QuestionText": "<p>Welcome to the <em>advanced</em> section.</p><ul><li>Item</li></ul>",
        "DataExportTag": "Q6",
        "QuestionType": "DB",
        "Selector": "TB",
        "Configuration": {
          "QuestionDescriptionOption": "UseText"
        },
        "QuestionDescription": "Welcome to the advanced section.Item",
        "Validation": {
          "Settings": {
            "ForceResponse": "OFF",
            "ForceResponseType": "OFF",
            "Type": "None"
          }
        },
        "QuestionID": "QID6",
        "DataVisibility": {
          "Private": false,
          "Hidden": false
        },
        "NextChoiceId": 1,
        "NextAnswerId": 1
      }
    },
    {
      "SurveyID": "SV_fixture000000000",
      "Element": "SQ",
      "PrimaryAttribute": "QID7",
      "SecondaryAttribute": "Upload a screenshot",
      "TertiaryAttribute": null,
      "Payload": {
        "QuestionText": "Upload a screenshot",
        "DataExportTag": "Q7",
        "QuestionType": "FileUpload",
        "Selector": "FileUpload",
        "Configuration": {
          "QuestionDescriptionOption": "UseText"
        },
        "QuestionDescription": "Upload a screenshot",
        "Validation": {
          "Settings": {
            "ForceResponse": "OFF",
            "ForceResponseType": "OFF",
            "Type": "None"
          }
        },
        "QuestionID": "QID7",
        "DataVisibility": {
          "Private": false,
          "Hidden": false
        },
        "NextChoiceId": 1,
        "NextAnswerId": 1
      }
    },
    {
      "SurveyID": "SV_fixture000000000",
      "Element": "SQ",
      "PrimaryAttribute": "QID8",
      "SecondaryAttribute": "Contact details",
      "TertiaryAttribute": null,
      "Payload": {
        "QuestionText": "Contact details",
        "DataExportTag": "Q8",
        "QuestionType": "TE",
        "Selector": "FORM",
        "Configuration": {
          "QuestionDescriptionOption": "UseText"
        },
        "QuestionDescription": "Contact details",
        "Choices": {
          "1": {
            "Display": "First name"
          },
          "2": {
            "Display": "Last name"
          },
          "3": {
            "Display": "Company"
          }
        },
        "ChoiceOrder": [
          "1",
          "2",
          "3"
        ],
        "Validation": {
          "Settings": {
            "ForceResponse": "OFF",
            "ForceResponseType": "OFF",
            "Type": "None"
          }
        },
        "QuestionID": "QID8",
        "DataVisibility": {
          "Private": false,
          "Hidden": false
        },
        "NextChoiceId": 4,
        "NextAnswerId": 1
      }
    },
    {
      "SurveyID": "SV_fixture000000000",
      "Element": "SQ",
      "PrimaryAttribute": "QID9",
      "SecondaryAttribute": "Timing",
      "TertiaryAttribute": null,
      "Payload": {
        "QuestionText": "Timing",
        "DataExportTag": "Q9",
        "QuestionType": "Timing",
        "Selector": "PageTimer",
        "Configuration": {
          "QuestionDescriptionOption": "UseText"
        },
        "QuestionDescription": "Timing",
        "Validation": {
          "Settings": {
            "ForceResponse": "OFF",
            "ForceResponseType": "OFF",
            "Type": "None"
          }
        },
        "QuestionID": "QID9",
        "DataVisibility": {
          "Private": false,
          "Hidden": false
        },
        "NextChoiceId": 1,
        "NextAnswerId": 1
      }
    },
    {
      "SurveyID": "SV_fixture000000000",
      "Element": "SQ",
      "PrimaryAttribute": "QID10",
      "SecondaryAttribute": "Allocate 100 points",
      "TertiaryAttribute": null,
      "Payload": {
        "QuestionText": "Allocate 100 points",
        "DataExportTag": "Q10",
        "QuestionType": "CS",
        "Selector": "HSLIDER",
        "Configuration": {
          "QuestionDescriptionOption": "UseText"
        },
        "QuestionDescription": "Allocate 100 points",
        "Choices": {
          "1": {
            "Display": "A"
          },
          "2": {
            "Display": "B"
          }
        },
        "ChoiceOrder": [
          "1",
          "2"
        ],
        "Validation": {
          "Settings": {
            "ForceResponse": "OFF",
            "ForceResponseType": "OFF",
            "Type": "None"
          }
        },
        "QuestionID": "QID10",
        "DataVisibility": {
          "Private": false,
          "Hidden": false
        },
        "NextChoiceId": 3,
        "NextAnswerId": 1
      }
    },
    {
      "SurveyID": "SV_fixture000000000",
      "Element": "SQ",
      "PrimaryAttribute": "QID11",
      "SecondaryAttribute": "Side by side",
      "TertiaryAttribute": null,
      "Payload": {
        "QuestionText": "Side by side",
        "DataExportTag": "Q11",
        "QuestionType": "SBS",
        "Selector": "SBSMatrix",
        "Configuration": {
          "QuestionDescriptionOption": "UseText"
        },
        "QuestionDescription": "Side by side",
        "Validation": {
          "Settings": {
            "ForceResponse": "OFF",
            "ForceResponseType": "OFF",
            "Type": "None"
          }
        },
        "QuestionID": "QID11",
        "DataVisibility": {
          "Private": false,
          "Hidden": false
        },
        "NextChoiceId": 1,
        "NextAnswerId": 1
      }
    },
    {
      "SurveyID": "SV_fixture000000000",
      "Element": "SQ",
      "PrimaryAttribute": "QID12",
      "SecondaryAttribute": "Twenty-six options",
      "TertiaryAttribute": null,
      "Payload": {
        "QuestionText": "Twenty-six options",
        "DataExportTag": "Q12",
        "QuestionType": "RO",
        "Selector": "DND",
        "Configuration": {
          "QuestionDescriptionOption": "UseText"
        },
        "QuestionDescription": "Twenty-six options",
        "Choices": {
          "1": {
            "Display": "Option 1"
          },
          "2": {
            "Display": "Option 2"
          },
          "3": {
            "Display": "Option 3"
          },
          "4": {
            "Display": "Option 4"
          },
          "5": {
            "Display": "Option 5"
          },
          "6": {
            "Display": "Option 6"
          },
          "7": {
            "Display": "Option 7"
          },
          "8": {
            "Display": "Option 8"
          },
          "9": {
            "Display": "Option 9"
          },
          "10": {
            "Display": "Option 10"
          },
          "11": {
            "Display": "Option 11"
          },
          "12": {
            "Display": "Option 12"
          },
          "13": {
            "Display": "Option 13"
          },
          "14": {
            "Display": "Option 14"
          },
          "15": {
            "Display": "Option 15"
          },
          "16": {
            "Display": "Option 16"
          },
          "17": {
            "Display": "Option 17"
          },
          "18": {
            "Display": "Option 18"
          },
          "19": {
            "Display": "Option 19"
          },
          "20": {
            "Display": "Option 20"
          },
          "21": {
            "Display": "Option 21"
          },
          "22": {
            "Display": "Option 22"
          },
          "23": {
            "Display": "Option 23"
          },
          "24": {
            "Display": "Option 24"
          },
          "25": {
            "Display": "Option 25"
          },
          "26": {
            "Display": "Option 26"
          }
        },
        "ChoiceOrder": [
          "1",
          "2",
          "3",
          "4",
          "5",
          "6",
          "7",
          "8",
          "9",
          "10",
          "11",
          "12",
          "13",
          "14",
          "15",
          "16",
          "17",
          "18",
          "19",
          "20",
          "21",
          "22",
          "23",
          "24",
          "25",
          "26"
        ],
        "Validation": {
          "Settings": {
            "ForceResponse": "OFF",
            "ForceResponseType": "OFF",
            "Type": "None"
          }
        },
        "QuestionID": "QID12",
        "DataVisibility": {
          "Private": false,
          "Hidden": false
        },
        "NextChoiceId": 27,
        "NextAnswerId": 1
      }
    },
    {
      "SurveyID": "SV_fixture000000000",
      "Element": "BL",
      "PrimaryAttribute": "Survey Blocks",
      "SecondaryAttribute": null,
      "TertiaryAttribute": null,
      "Payload": [
        {
          "Type": "Default",
          "Description": "Advanced",
          "ID": "BL_1",
          "BlockElements": [
            {
              "Type": "Question",
              "QuestionID": "QID6"
            },
            {
              "Type": "Question",
              "QuestionID": "QID1"
            },
            {
              "Type": "Question",
              "QuestionID": "QID2"
            },
            {
              "Type": "Page Break"
            },
            {
              "Type": "Question",
              "QuestionID": "QID3"
            },
            {
              "Type": "Question",
              "QuestionID": "QID4"
            },
            {
              "Type": "Question",
              "QuestionID": "QID5"
            },
            {
              "Type": "Page Break"
            },
            {
              "Type": "Question",
              "QuestionID": "QID7"
            },
            {
              "Type": "Question",
              "QuestionID": "QID8"
            },
            {
              "Type": "Question",
              "QuestionID": "QID9"
            },
            {
              "Type": "Question",
              "QuestionID": "QID10"
            },
            {
              "Type": "Question",
              "QuestionID": "QID11"
            },
            {
              "Type": "Question",
              "QuestionID": "QID12"
            }
          ]
        }
      ]
    },
    {
      "SurveyID": "SV_fixture000000000",
      "Element": "FL",
      "PrimaryAttribute": "Survey Flow",
      "SecondaryAttribute": null,
      "TertiaryAttribute": null,
      "Payload": {
        "Type": "Root",
        "FlowID": "FL_root",
        "Flow": [
          {
            "Type": "Block",
            "ID": "BL_1",
            "FlowID": "FL_1"
          },
          {
            "Type": "EndSurvey",
            "FlowID": "FL_2"
          }
        ],
        "Properties": {
          "Count": 2
        }
      }
    },
    {
      "SurveyID": "SV_fixture000000000",
      "Element": "SO",
      "PrimaryAttribute": "Survey Options",
      "SecondaryAttribute": null,
      "TertiaryAttribute": null,
      "Payload": {
        "BackButton": "false",
        "SaveAndContinue": "true",
        "SurveyProtection": "PublicSurvey",
        "ProgressBarDisplay": "None",
        "PartialData": "+1 week",
        "EOSMessage": "",
        "EOSRedirectURL": "https://example.com/thanks",
        "NextButton": "→",
        "PreviousButton": "←",
        "ShowExportTags": "false"
      }
    },
    {
      "SurveyID": "SV_fixture000000000",
      "Element": "QC",
      "PrimaryAttribute": "Survey Question Count",
      "SecondaryAttribute": "12",
      "TertiaryAttribute": null,
      "Payload": null
    },
    {
      "SurveyID": "SV_fixture000000000",
      "Element": "STAT",
      "PrimaryAttribute": "Survey Statistics",
      "SecondaryAttribute": null,
      "TertiaryAttribute": null,
      "Payload": {
        "MobileCompatible": true,
        "ID": "Survey Statistics"
      }
    },
    {
      "SurveyID": "SV_fixture000000000",
      "Element": "RS",
      "PrimaryAttribute": "RS_fixture",
      "SecondaryAttribute": "Default Response Set",
      "TertiaryAttribute": null,
      "Payload": null
    },
    {
      "SurveyID": "SV_fixture000000000",
      "Element": "SCO",
      "PrimaryAttribute": "Scoring",
      "SecondaryAttribute": null,
      "TertiaryAttribute": null,
      "Payload": {
        "ScoringCategories": [],
        "ScoringCategoryGroups": [],
        "ScoringSummaryCategory": null,
        "ScoringSummaryAfterQuestions": 0,
        "ScoringSummaryAfterSurvey": 0,
        "DefaultScoringCategory": null,
        "AutoScoringCategory": null
      }
    },
    {
      "SurveyID": "SV_fixture000000000",
      "Element": "PROJ",
      "PrimaryAttribute": "CORE",
      "SecondaryAttribute": null,
      "TertiaryAttribute": "1.1.0",
      "Payload": {
        "ProjectCategory": "CORE",
        "SchemaVersion": "1.1.0"
      }
    }
  ]
}
