version: 1
checksums:
  55dc377b5e931bfc64e4add83e35d9ea:
    common/and: ce8b9bb44f031705708a70e068bb73c8
    common/apply: eb61ee65aa06a70b2bc908cf0e9f2104
    common/auto_close_wrapper: fd0948e4d47150513e2b354c7685c1a7
    common/back: f541015a827e37cb3b1234e56bc2aa3c
    common/close_survey: 36e6aaa19051cb253aa155ad69a9edbc
    common/company_logo: 82d5c0d5994508210ee02d684819f4b8
    common/finish: ffa7a10f71182b48fefed7135bee24fa
    common/language_switch: fd72a9ada13f672f4fd5da863b22cc46
    common/less_than_x_minutes: 8a8528651d0b60dc93be451abf6a139b
    common/next: 89ddbcf710eba274963494f312bdc8a9
    common/open_in_new_tab: 6844e4922a7a40a7ee25c10ea109cdeb
    common/people_responded: b685fb877090d8658db724ad07a0dbd8
    common/please_retry_now_or_try_again_later: 949a3841e2eb01fa249790a42bf23aa5
    common/please_specify: e1faa6cd085144f7339c7e74dc6fb366
    common/powered_by: 6b6f88e2fa5a1ecec6cebf813abaeebb
    common/privacy_policy: 7459744a63ef8af4e517a09024bd7c08
    common/protected_by_reCAPTCHA_and_the_Google: 32de026bff5d52e9edf5410d7d7b835f
    common/question: 0576462ce60d4263d7c482463fcc9547
    common/question_video: cc554b661fd62ac59db500307b3ba44e
    common/required: 04d7fb6f37ffe0a6ca97d49e2a8b6eb5
    common/respondents_will_not_see_this_card: 18c3dd44d6ff6ca2310ad196b84f30d3
    common/retry: 6e44d18639560596569a1278f9c83676
    common/retrying: 0cb623dbdcbf16d3680f0180ceac734c
    common/sending_responses: 184772f70cca69424eaf34f73520789f
    common/takes: 01f96e2e84741ea8392d97ff4bd2aa52
    common/terms_of_service: 5add91f519e39025708e54a7eb7a9fc5
    common/the_servers_cannot_be_reached_at_the_moment: f8adbeccac69f9230a55b5b3af52b081
    common/they_will_be_redirected_immediately: 936bc99cb575cba95ea8f04d82bb353b
    common/x_minutes: bf6ec8800c29b1447226447a991b9510
    common/x_plus_minutes: 2ef597aa029e3c71d442455fbb751991
    common/your_feedback_is_stuck: db2b6aba26723b01aee0fc918d3ca052
    errors/file_input/duplicate_files: 198dd29e67beb6abc5b2534ede7d7f68
    errors/file_input/file_size_exceeded: 072045b042a39fa1df76200f8fa36dd4
    errors/file_input/file_size_exceeded_alert: d8e482a2ff05e78bbacaed9e9db9b5eb
    errors/file_input/no_valid_file_types_selected: 795acdedcffbcf06e57ea93fc16771ce
    errors/file_input/only_one_file_can_be_uploaded_at_a_time: 1eda42bd46887f9702049e23fa7cb127
    errors/file_input/upload_failed: 735fdfc1a37ab035121328237ddd6fd0
    errors/file_input/you_can_only_upload_a_maximum_of_files: 72fe144f81075e5b06bae53b3a84d4db
    errors/invalid_device_error/message: 8813dcd0e3e41934af18d7a15f8c83f4
    errors/invalid_device_error/title: 20d261b478aaba161b0853a588926e23
    errors/please_book_an_appointment: 9e8acea3721f660b6a988f79c4105ab8
    errors/please_enter_a_valid_email_address: 8de4bc8832b11b380bc4cbcedc16e48b
    errors/please_enter_a_valid_phone_number: 1530eb9ab7d6d190bddb37667c711631
    errors/please_enter_a_valid_url: e3bcfb605be4ee32aa19d9ac32bb11a4
    errors/please_fill_out_this_field: 88d4fd502ae8d423277aef723afcd1a7
    errors/please_rank_all_items_before_submitting: 24fb14a2550bd7ec3e253dda0997cea8
    errors/please_select_a_date: 1abdc8ffb887dbbdcc0d05486cd84de7
    errors/please_select_an_option: 9fede3bb9ded29301e89b98616e3583a
    errors/please_upload_a_file: 4356dfca88553acb377664c923c2d6b7
    errors/recaptcha_error/message: b3f2c5950cbc0887f391f9e2bccb676e
    errors/recaptcha_error/title: 8e923ec38a92041569879a39c6467131
