version: 1
checksums:
  55dc377b5e931bfc64e4add83e35d9ea:
    common/and: ce8b9bb44f031705708a70e068bb73c8
    common/apply: eb61ee65aa06a70b2bc908cf0e9f2104
    common/auto_close_wrapper: fd0948e4d47150513e2b354c7685c1a7
    common/back: f541015a827e37cb3b1234e56bc2aa3c
    common/close_survey: 36e6aaa19051cb253aa155ad69a9edbc
    common/company_logo: 82d5c0d5994508210ee02d684819f4b8
    common/finish: ffa7a10f71182b48fefed7135bee24fa
    common/language_switch: fd72a9ada13f672f4fd5da863b22cc46
    common/next: 89ddbcf710eba274963494f312bdc8a9
    common/open_in_new_tab: 6844e4922a7a40a7ee25c10ea109cdeb
    common/people_responded: b685fb877090d8658db724ad07a0dbd8
    common/please_retry_now_or_try_again_later: 949a3841e2eb01fa249790a42bf23aa5
    common/powered_by: 6b6f88e2fa5a1ecec6cebf813abaeebb
    common/privacy_policy: 7459744a63ef8af4e517a09024bd7c08
    common/protected_by_reCAPTCHA_and_the_Google: 32de026bff5d52e9edf5410d7d7b835f
    common/question: 0576462ce60d4263d7c482463fcc9547
    common/question_video: cc554b661fd62ac59db500307b3ba44e
    common/required: 04d7fb6f37ffe0a6ca97d49e2a8b6eb5
    common/respondents_will_not_see_this_card: 18c3dd44d6ff6ca2310ad196b84f30d3
    common/retry: 6e44d18639560596569a1278f9c83676
    common/retrying: 40989361ea5f6b95897b95ac928b5bd9
    common/select_option: d68a0fb9afd0817dc31b3e9cb11855cb
    common/select_options: d5a80087e889848e0fed3f1be359366f
    common/sending_responses: 244f1aebc3f6a101ae2f8b630d7967ec
    common/takes_less_than_x_minutes: 1208ce0d4c0a679c11c7bd209b6ccc47
    common/takes_x_minutes: 001d12366d07b406f50669e761d63e69
    common/takes_x_plus_minutes: 145b8f287de140e98f492c8db2f9fa0b
    common/terms_of_service: 5add91f519e39025708e54a7eb7a9fc5
    common/the_servers_cannot_be_reached_at_the_moment: f8adbeccac69f9230a55b5b3af52b081
    common/they_will_be_redirected_immediately: 936bc99cb575cba95ea8f04d82bb353b
    common/your_feedback_is_stuck: db2b6aba26723b01aee0fc918d3ca052
    errors/all_options_must_be_ranked: 360a2edff623496f7047907bad115ea1
    errors/all_rows_must_be_answered: 295f41a0ef04cbb3491c798053c61abd
    errors/file_extension_must_be: 3102dc81a482f1b05ee490767b1c3c97
    errors/file_extension_must_not_be: bd21065a4201d9a29b126586aecd8f29
    errors/file_input/duplicate_files: 198dd29e67beb6abc5b2534ede7d7f68
    errors/file_input/file_size_exceeded: 072045b042a39fa1df76200f8fa36dd4
    errors/file_input/file_size_exceeded_alert: d8e482a2ff05e78bbacaed9e9db9b5eb
    errors/file_input/no_valid_file_types_selected: 795acdedcffbcf06e57ea93fc16771ce
    errors/file_input/only_one_file_can_be_uploaded_at_a_time: 1eda42bd46887f9702049e23fa7cb127
    errors/file_input/upload_failed: 735fdfc1a37ab035121328237ddd6fd0
    errors/file_input/you_can_only_upload_a_maximum_of_files: 72fe144f81075e5b06bae53b3a84d4db
    errors/invalid_device_error/message: 8813dcd0e3e41934af18d7a15f8c83f4
    errors/invalid_device_error/title: ea7dbb9970c717e4d466f8e1211bd461
    errors/invalid_format: 66df570c79b420d66f3badaf5867e4ad
    errors/is_between: 2e8e3d11ac315aed727fa3b9e0bc435b
    errors/is_earlier_than: 377af5c84d09083f57580ddd8199cda8
    errors/is_greater_than: ab6ff5c676478d66cd64930deb4f0fd1
    errors/is_later_than: dc64e8fe79ade4b53843270e00957163
    errors/is_less_than: e1d0b7e6292e8c775e9eee349fee6269
    errors/is_not_between: 887b4ece0ad58c027fc35ef6b3f2d5e8
    errors/max_length: cbaef9675c55b3229e6306eb2d78dbfd
    errors/max_selections: b2682a6ce820681074d4a319b96f8dbd
    errors/max_value: edfe2d387a283c2b2a48da251fcf6ade
    errors/min_length: d08ea43d2cc9d6b2aee87ddba60dd2b3
    errors/min_selections: 23a75f21b4cb0530e5cfd02650d3e3d7
    errors/min_value: f52e2d54c7fc0e96d5e3f5d32b2618c7
    errors/minimum_options_ranked: 7c06caceff53b590159d0e0a9a8bd812
    errors/minimum_rows_answered: ca132ce930516cf5ce97c34c7a7ef3d3
    errors/please_enter_a_valid_email_address: 8de4bc8832b11b380bc4cbcedc16e48b
    errors/please_enter_a_valid_phone_number: 1530eb9ab7d6d190bddb37667c711631
    errors/please_enter_a_valid_url: e3bcfb605be4ee32aa19d9ac32bb11a4
    errors/please_fill_out_this_field: 88d4fd502ae8d423277aef723afcd1a7
    errors/recaptcha_error/message: b3f2c5950cbc0887f391f9e2bccb676e
    errors/recaptcha_error/title: eb8f1106e0b4cb6756c5a76fd9400e67
    errors/value_must_contain: cd555796372f06b42f42f6b304f98e92
    errors/value_must_equal: 227b5c87bb7761714ab9bc5a8adc6607
    errors/value_must_not_contain: 5349a544135c7d7fc6e01c4221004236
    errors/value_must_not_equal: cb25ed72166baeeaaa263bd5cf1c0e1c
